
Microsoft Visual Studio Solution File, Format Version 12.00
# Visual Studio Version 16
VisualStudioVersion = 16.0.30503.244
MinimumVisualStudioVersion = 10.0.40219.1
Project("{FAE04EC0-301F-11D3-BF4B-00C04F79EFBC}") = "MvcMovie", "MvcMovie\MvcMovie.csproj", "{690F538D-5F20-4146-ABB1-E131FBF9A3F8}"
EndProject
Global
	GlobalSection(SolutionConfigurationPlatforms) = preSolution
		Debug|Any CPU = Debug|Any CPU
		Release|Any CPU = Release|Any CPU
	EndGlobalSection
	GlobalSection(ProjectConfigurationPlatforms) = postSolution
		{690F538D-5F20-4146-ABB1-E131FBF9A3F8}.Debug|Any CPU.ActiveCfg = Debug|Any CPU
		{690F538D-5F20-4146-ABB1-E131FBF9A3F8}.Debug|Any CPU.Build.0 = Debug|Any CPU
		{690F538D-5F20-4146-ABB1-E131FBF9A3F8}.Release|Any CPU.ActiveCfg = Release|Any CPU
		{690F538D-5F20-4146-ABB1-E131FBF9A3F8}.Release|Any CPU.Build.0 = Release|Any CPU
	EndGlobalSection
	GlobalSection(SolutionProperties) = preSolution
		HideSolutionNode = FALSE
	EndGlobalSection
	GlobalSection(ExtensibilityGlobals) = postSolution
		SolutionGuid = {43B17A37-D4FA-4F92-825C-34BCDCDC7192}
	EndGlobalSection
EndGlobal
